{
  "version": 1,
  "dependencies": {
    "net10.0-windows10.0.19041": {
      "AnimatedGif": {
        "type": "Direct",
        "requested": "[1.0.5, )",
        "resolved": "1.0.5",
        "contentHash": "Ai5Q7E702HnYhuhx6zSTiLYVN+v2hhB2gYrQn2jjAgEO1ANmd8TFwWZPrleRERa3y31AvJFUOdblf+Sj40L/Aw=="
      },
      "FluentFTP": {
        "type": "Direct",
        "requested": "[54.2.0, )",
        "resolved": "54.2.0",
        "contentHash": "n+OyaqU80gnOltXo2xBPZklAqbtxJAfl2GfblOIe5OCAk4jr/3zYW9Jf1fG6eR/USZq4AKWQcUMmKE9neSk8og=="
      },
      "Microsoft.Data.Sqlite": {
        "type": "Direct",
        "requested": "[10.0.11, )",
        "resolved": "10.0.11",
        "contentHash": "7je7UELzm131GiLYc4PpZvfKXIgIyzPM+v+tjcd/nbnuWRfgcONYKzDTqJlURxwVCFsVnlpmq6y6yn4qvR8QXQ==",
        "dependencies": {
          "Microsoft.Data.Sqlite.Core": "10.0.11",
          "SQLitePCLRaw.bundle_e_sqlite3": "2.1.12",
          "SQLitePCLRaw.core": "2.1.12"
        }
      },
      "NAudio": {
        "type": "Direct",
        "requested": "[3.0.1, )",
        "resolved": "3.0.1",
        "contentHash": "viewQ/yBZKOckMabTWnO+xb7ACw7k9BgjDqwYxOHRyFGQX7tEu67Vcn4rbcPWErp+DkkYQye6pKmdrB1xQNJGw==",
        "dependencies": {
          "NAudio.Asio": "3.0.1",
          "NAudio.Core": "3.0.1",
          "NAudio.Dmo": "3.0.1",
          "NAudio.Midi": "3.0.1",
          "NAudio.Wasapi": "3.0.1",
          "NAudio.WinForms": "3.0.1",
          "NAudio.WinMM": "3.0.1"
        }
      },
      "SQLitePCLRaw.bundle_e_sqlite3": {
        "type": "Direct",
        "requested": "[3.0.5, )",
        "resolved": "3.0.5",
        "contentHash": "SW8iASIyWMrLzqabUHYQRvALhvD4ylSBsj4PgEVGwc36kQjc9xT5kSV/XQ9rU7nIpBWD+LPyX3Hlw5FzyUzGeQ==",
        "dependencies": {
          "SQLite": "3.53.4",
          "SQLitePCLRaw.config.e_sqlite3": "3.0.5"
        }
      },
      "SSH.NET": {
        "type": "Direct",
        "requested": "[2026.0.0, )",
        "resolved": "2026.0.0",
        "contentHash": "Yu9dirPq8l3oaat0+OQ7K0nUf5MmYltpia5UGqsApTG4zTPvBC1cxbNnC3NERij26dUST0A3Ef1QdHSn5ArbWQ==",
        "dependencies": {
          "BouncyCastle.Cryptography": "2.7.0",
          "Microsoft.Extensions.Logging.Abstractions": "8.0.3"
        }
      },
      "Velopack": {
        "type": "Direct",
        "requested": "[1.2.0, )",
        "resolved": "1.2.0",
        "contentHash": "Rz67gJL619fSBS6omaSINUxyDuwhIxkm5mmubf7uLd5Qgi6LLKaKCha+QFP6n+Bw/UjA0vutnH4JQfYzn6ANtw=="
      },
      "Vortice.Direct2D1": {
        "type": "Direct",
        "requested": "[3.8.3, )",
        "resolved": "3.8.3",
        "contentHash": "SDHEmNUT3A4P8yj+g7q3AnRZ9fvqOOe/EoWjsgkHlQ3C9Tkc51rTeZXC9bQPySli+/lFTui8vMs9tpWZqf+AwQ==",
        "dependencies": {
          "SharpGen.Runtime": "2.4.2-beta",
          "Vortice.DXGI": "3.8.3"
        }
      },
      "Vortice.Direct3D11": {
        "type": "Direct",
        "requested": "[3.8.3, )",
        "resolved": "3.8.3",
        "contentHash": "JgFUswu2mgrSwcd0KRF2AnfeE5VbMEgcicmxPD1g2yXyomPIHbnX3wldBNHPOzzD0URC1WJ/pO1ymfi3imZwvg==",
        "dependencies": {
          "SharpGen.Runtime": "2.4.2-beta",
          "Vortice.DXGI": "3.8.3"
        }
      },
      "ZXing.Net": {
        "type": "Direct",
        "requested": "[0.16.11, )",
        "resolved": "0.16.11",
        "contentHash": "OZfAVu88hl87BffQ+rlWCj/vLvAhhCK4QnFaoveeF/MY8SjHNSYBQ3qyUEWlPKNgBQGh1syXhCDg10vUnCsqkg=="
      },
      "ZXing.Net.Bindings.Windows.Compatibility": {
        "type": "Direct",
        "requested": "[0.16.14, )",
        "resolved": "0.16.14",
        "contentHash": "bJw1qjpNJ8JmDP55UBAvA5bCU+vSEGua4z43nukJqMlrpkKu6mTw6NZGJZntM8KbNQ3RNLu8DJMJBSWUd0ifYg==",
        "dependencies": {
          "ZXing.Net": "0.16.11"
        }
      },
      "BouncyCastle.Cryptography": {
        "type": "Transitive",
        "resolved": "2.7.0",
        "contentHash": "U+12df8UEWHgBi04YVf/Lgi2dy3SItlIYvHjjEVa/BngCQIzDCDRBk50DDByCfDvSbe5pRNFr3b7UrVK2kMcLw=="
      },
      "Microsoft.Data.Sqlite.Core": {
        "type": "Transitive",
        "resolved": "10.0.11",
        "contentHash": "hubA20AGenQ4Sx0ElWaPpB8DISjXpdx463+1zOGRslsT0e/t/06ITv+pHsop8CcJ0d8PZLfgnT7juCDVD79Dkw==",
        "dependencies": {
          "SQLitePCLRaw.core": "2.1.12"
        }
      },
      "Microsoft.Extensions.DependencyInjection.Abstractions": {
        "type": "Transitive",
        "resolved": "8.0.2",
        "contentHash": "3iE7UF7MQkCv1cxzCahz+Y/guQbTqieyxyaWKhrRO91itI9cOKO76OHeQDahqG4MmW5umr3CcCvGmK92lWNlbg=="
      },
      "Microsoft.Extensions.Logging.Abstractions": {
        "type": "Transitive",
        "resolved": "8.0.3",
        "contentHash": "dL0QGToTxggRLMYY4ZYX5AMwBb+byQBd/5dMiZE07Nv73o6I5Are3C7eQTh7K2+A4ct0PVISSr7TZANbiNb2yQ==",
        "dependencies": {
          "Microsoft.Extensions.DependencyInjection.Abstractions": "8.0.2"
        }
      },
      "NAudio.Asio": {
        "type": "Transitive",
        "resolved": "3.0.1",
        "contentHash": "Ccqs+wtIgkrsw4KMdIpW+ZZDLd5Br/RXDNvTqzrLgjDdTnp0w7RQSq407H5uR3ThPuMJrzQM+A9nHL2esnzVFg==",
        "dependencies": {
          "NAudio.Core": "3.0.1"
        }
      },
      "NAudio.Core": {
        "type": "Transitive",
        "resolved": "3.0.1",
        "contentHash": "3fJ6UnkoiNBeeczKd9OozvcE85FvtyYCykmfzEbFW0uB0uT2+keKdconUGkz9qYlhaq1RJDTFptXOooQBYLijA==",
        "dependencies": {
          "System.Numerics.Tensors": "9.0.0"
        }
      },
      "NAudio.Dmo": {
        "type": "Transitive",
        "resolved": "3.0.1",
        "contentHash": "YWX+07lP0bObT4IOknjhK66QInHZ8TuEyIFIXv4pPAOnfiRRzL/SN/Gj6qKLGmizicr+wKZEbHiw5VMnVn/OfA==",
        "dependencies": {
          "NAudio.Core": "3.0.1"
        }
      },
      "NAudio.Midi": {
        "type": "Transitive",
        "resolved": "3.0.1",
        "contentHash": "/YiJWtG6EAIt//BYgd6SMudDT/A4cPgX8qpTbV9sxfJenSli8ujDEkPNF/Fa73YCeimK2bA0K3BmsgQ4olN+Nw==",
        "dependencies": {
          "NAudio.Core": "3.0.1"
        }
      },
      "NAudio.Wasapi": {
        "type": "Transitive",
        "resolved": "3.0.1",
        "contentHash": "1j8+HaeAJXFaDaIeVpnaahwAa3ZvMog2bswgmY1JSDysAbeehRx+PIeC0AbNyXZr5gvhu9PfOPD7xwuAEKJcbw==",
        "dependencies": {
          "NAudio.Core": "3.0.1"
        }
      },
      "NAudio.WinForms": {
        "type": "Transitive",
        "resolved": "3.0.1",
        "contentHash": "2CFII/mxJCJX/xurB4rx/fAcEbwhr0pH/WWxiYvHZJiOi+9qYxJWmabP+qG220aALP2vhj+fNddceZ7L/uO+eA==",
        "dependencies": {
          "NAudio.WinMM": "3.0.1"
        }
      },
      "NAudio.WinMM": {
        "type": "Transitive",
        "resolved": "3.0.1",
        "contentHash": "qeedyr0TtKWjEirwVG2ZkL1ecYVUfyh+s0YLsau6XC2FqyqT42LfR96kVEuDdv6U9LUp+aNGDiHO5MK/td0BAA==",
        "dependencies": {
          "NAudio.Core": "3.0.1",
          "NAudio.Midi": "3.0.1"
        }
      },
      "SharpGen.Runtime": {
        "type": "Transitive",
        "resolved": "2.4.2-beta",
        "contentHash": "niTtWAUov1F7wZGAlVeEvW+Tnqvg5yTmhI7rxmYu2Utoyu2TbC9tWWpUpMs0PQg5lu5svoYpCAztNjxCqMFP/w=="
      },
      "SharpGen.Runtime.COM": {
        "type": "Transitive",
        "resolved": "2.4.2-beta",
        "contentHash": "9lxDFMiepqo3lJQzMSjECCIONeCc2f3Drokgj6HtrTLZcJSftNgcLbD6/iXYj2iphkwgrZb1oLsDOZxoFZkawQ==",
        "dependencies": {
          "SharpGen.Runtime": "2.4.2-beta"
        }
      },
      "SQLite": {
        "type": "Transitive",
        "resolved": "3.53.4",
        "contentHash": "KN7jeWqgUPeBRe1FlcpZURzxomuKKEKHmBBQfg+Nx7NkY1LjKhzHvH+3ASkNvhayESE34nMBinL9CV21JfPRJw=="
      },
      "SQLitePCLRaw.config.e_sqlite3": {
        "type": "Transitive",
        "resolved": "3.0.5",
        "contentHash": "aSk8WE5tF2MybESMgtZAEyMVCAWA0nBqOMc48HFoa9UoSdtm3goDXVzNRnefeKIwE6bV9NaNXptn1F9ReMQI0Q==",
        "dependencies": {
          "SQLitePCLRaw.provider.e_sqlite3": "3.0.5"
        }
      },
      "SQLitePCLRaw.core": {
        "type": "Transitive",
        "resolved": "3.0.5",
        "contentHash": "k81AYXXRCw3Zj8rOhyBoCsx/U97KYDFI2CSKr/ijl5BwpsW/hX/4kBiDmerFaoust8nxBwa0IHQFw8MmSHRtnQ=="
      },
      "SQLitePCLRaw.provider.e_sqlite3": {
        "type": "Transitive",
        "resolved": "3.0.5",
        "contentHash": "um8YSWduhhuskTG2bHfZrBqMNQOydfU8pcseT+cu5RivOGyoUbCrGXxgoRNTmRYw2VbMWnEZVVFcneZT/5dsBg==",
        "dependencies": {
          "SQLitePCLRaw.core": "3.0.5"
        }
      },
      "System.Numerics.Tensors": {
        "type": "Transitive",
        "resolved": "9.0.0",
        "contentHash": "hyJB4UlpAi19Xr9AXzu2NuagKC4lPfHObNMEAA0HmqFz2rX7wKgzeYzO/jM/eBHDhnUGFFEjk5cOoJaxqg5J4A=="
      },
      "Vortice.DirectX": {
        "type": "Transitive",
        "resolved": "3.8.3",
        "contentHash": "nKwSavv0w5rDF7prSefqAVPDcTyqrfZxKFMVfttiXPfm62VdA/1d+b3PhCZpW4xO7jXczXDwjQdWgD1zGsvM8w==",
        "dependencies": {
          "SharpGen.Runtime": "2.4.2-beta",
          "SharpGen.Runtime.COM": "2.4.2-beta",
          "Vortice.Mathematics": "2.1.0"
        }
      },
      "Vortice.DXGI": {
        "type": "Transitive",
        "resolved": "3.8.3",
        "contentHash": "MbAUnTeQ6WD99ctAdrj5CQO2I7oaax0Kt2eVdWSUj0bYP9Ed0726+s7dIHe4+tqhpmINW/dcPt0mNtc72o+E0w==",
        "dependencies": {
          "SharpGen.Runtime": "2.4.2-beta",
          "Vortice.DirectX": "3.8.3"
        }
      },
      "Vortice.Mathematics": {
        "type": "Transitive",
        "resolved": "2.1.0",
        "contentHash": "KK+SjNSuKdP+zbavekubi+vaeb1Jo4k87ZF6CMkVWjr6RjJwc8peVtmgzXXDIMy4ZC3ZISyk3llY3q65ISOkBQ=="
      },
      "oddsnap.appmodel": {
        "type": "Project"
      }
    },
    "net10.0-windows10.0.19041/win-arm64": {
      "SQLite": {
        "type": "Transitive",
        "resolved": "3.53.4",
        "contentHash": "KN7jeWqgUPeBRe1FlcpZURzxomuKKEKHmBBQfg+Nx7NkY1LjKhzHvH+3ASkNvhayESE34nMBinL9CV21JfPRJw=="
      }
    },
    "net10.0-windows10.0.19041/win-x64": {
      "SQLite": {
        "type": "Transitive",
        "resolved": "3.53.4",
        "contentHash": "KN7jeWqgUPeBRe1FlcpZURzxomuKKEKHmBBQfg+Nx7NkY1LjKhzHvH+3ASkNvhayESE34nMBinL9CV21JfPRJw=="
      }
    },
    "net10.0-windows10.0.19041/win-x86": {
      "SQLite": {
        "type": "Transitive",
        "resolved": "3.53.4",
        "contentHash": "KN7jeWqgUPeBRe1FlcpZURzxomuKKEKHmBBQfg+Nx7NkY1LjKhzHvH+3ASkNvhayESE34nMBinL9CV21JfPRJw=="
      }
    }
  }
}