{
  "version": 1,
  "dependencies": {
    "net9.0-windows10.0.19041": {
      "Microsoft.Web.WebView2": {
        "type": "Direct",
        "requested": "[1.0.4129.50, )",
        "resolved": "1.0.4129.50",
        "contentHash": "BuJC70c7SCl8wlvojLZbc/E5ONmGyG3fhAMmpftCpKerxae//TxgKOTELRK2QRD7m7jigNFQRf6cfVT3ZiIQoQ=="
      },
      "Microsoft.Windows.SDK.BuildTools": {
        "type": "Direct",
        "requested": "[10.0.28000.1721, )",
        "resolved": "10.0.28000.1721",
        "contentHash": "uZvcBnNFklWdlZXuXtb+opS5oi4TdMAsEDT9r2nbWeG1WhkWh2B6IFyHyYYLEhINkVz1HMPGKckJvNq0AaVW+w=="
      },
      "Microsoft.WindowsAppSDK": {
        "type": "Direct",
        "requested": "[1.8.260416003, )",
        "resolved": "1.8.260416003",
        "contentHash": "AYhNBgKNGij8FgJs2JRwOPwkSaDBxdc449qadcWRloG1/UmN/V6ZF1XhxqUJm7biBhTL3tNfGZSkxoeKtHpPPA==",
        "dependencies": {
          "Microsoft.WindowsAppSDK.AI": "[1.8.70]",
          "Microsoft.WindowsAppSDK.Base": "[1.8.251216001]",
          "Microsoft.WindowsAppSDK.DWrite": "[1.8.25122902]",
          "Microsoft.WindowsAppSDK.Foundation": "[1.8.260415000]",
          "Microsoft.WindowsAppSDK.InteractiveExperiences": "[1.8.260415001]",
          "Microsoft.WindowsAppSDK.ML": "[1.8.2192]",
          "Microsoft.WindowsAppSDK.Runtime": "[1.8.260416003]",
          "Microsoft.WindowsAppSDK.Widgets": "[1.8.251231004]",
          "Microsoft.WindowsAppSDK.WinUI": "[1.8.260415005]"
        }
      },
      "Microsoft.Windows.SDK.BuildTools.MSIX": {
        "type": "Transitive",
        "resolved": "1.7.20250829.1",
        "contentHash": "IMdvRmCIZnBS5GkYnv0po1bcx6U1OF39pqA4TphQ9evDzpCRoSE19/PkDvlUNNrBavTsLIEJgd/TAIFner75ow=="
      },
      "Microsoft.WindowsAppSDK.AI": {
        "type": "Transitive",
        "resolved": "1.8.70",
        "contentHash": "mQoRRpYeeb57xPmShYOLkTIO7nfpxHFFJunH48QqpTjqcBnfNSmZRCt+9vN8RqghdA+NW81W5ERv9/cQU+VxdA==",
        "dependencies": {
          "Microsoft.WindowsAppSDK.Base": "1.8.251216001",
          "Microsoft.WindowsAppSDK.Foundation": "1.8.260402000"
        }
      },
      "Microsoft.WindowsAppSDK.Base": {
        "type": "Transitive",
        "resolved": "1.8.251216001",
        "contentHash": "PS1wriuFknz3W2F2P/e6RvOTM35w89Lsj/f0QmUEPrJjKnc+jM0JLX1vfdytI14y1gNRUTm9uclwP0aH/SVU5w==",
        "dependencies": {
          "Microsoft.Windows.SDK.BuildTools": "10.0.26100.4654",
          "Microsoft.Windows.SDK.BuildTools.MSIX": "1.7.20250829.1"
        }
      },
      "Microsoft.WindowsAppSDK.DWrite": {
        "type": "Transitive",
        "resolved": "1.8.25122902",
        "contentHash": "zFNn07i7Cyz62Y8FnPQAyzeZK7ww3m9t42i9pzy4C04pNbyUDQ4fG7pB6VSh6n4EyFuYtuFQuDzt4mKmXFrkrg==",
        "dependencies": {
          "Microsoft.WindowsAppSDK.Base": "1.8.251216001"
        }
      },
      "Microsoft.WindowsAppSDK.Foundation": {
        "type": "Transitive",
        "resolved": "1.8.260415000",
        "contentHash": "4bIloiECRf6qY0MeAmXXo+j8xv78Q7zsSIOIctX7dcbU5WPWQKIWA9xhRpy3cNBmoZ+o8XAR9GK2JMLxHtN4gg==",
        "dependencies": {
          "Microsoft.WindowsAppSDK.Base": "1.8.251216001",
          "Microsoft.WindowsAppSDK.InteractiveExperiences": "1.8.260415001"
        }
      },
      "Microsoft.WindowsAppSDK.InteractiveExperiences": {
        "type": "Transitive",
        "resolved": "1.8.260415001",
        "contentHash": "qedPRdo90uJPF8NzKvHw0RIxcVU7C2MkHiEfHer/tZjgw2F2umhEvQ/3b+cXlbbSGBqH3olkRmCJiSaRLhXyUA==",
        "dependencies": {
          "Microsoft.WindowsAppSDK.Base": "1.8.251216001"
        }
      },
      "Microsoft.WindowsAppSDK.ML": {
        "type": "Transitive",
        "resolved": "1.8.2192",
        "contentHash": "KA+iVs6LxpHO3u3q9OFfFscBNegh1db5aPkDfYlXqxq/nOClSrfVytPi6Q9aAv6f+eu2t5i+Do6rNjmijlrHnQ==",
        "dependencies": {
          "Microsoft.WindowsAppSDK.Base": "1.8.251216001",
          "Microsoft.WindowsAppSDK.Foundation": "1.8.260402000",
          "System.Numerics.Tensors": "9.0.0"
        }
      },
      "Microsoft.WindowsAppSDK.Runtime": {
        "type": "Transitive",
        "resolved": "1.8.260416003",
        "contentHash": "8DryDmSshnLV7C0hocigBFzTudcf8mgdwtZ9jc3quQzPOHWyv/ZuqtKA1l2WAKXq8wfA98lu0CB+H5Nt8Nbqvg==",
        "dependencies": {
          "Microsoft.WindowsAppSDK.Base": "1.8.251216001"
        }
      },
      "Microsoft.WindowsAppSDK.Widgets": {
        "type": "Transitive",
        "resolved": "1.8.251231004",
        "contentHash": "bIWqQYR8DCoB1SoPOMil5AtgtkTn438wJTdpsHgyO/6o7Eh7PMP5BzrR0KbDsFqy+4LhPWQ4vtwko5k93fECcA==",
        "dependencies": {
          "Microsoft.WindowsAppSDK.Base": "1.8.251216001"
        }
      },
      "Microsoft.WindowsAppSDK.WinUI": {
        "type": "Transitive",
        "resolved": "1.8.260415005",
        "contentHash": "Yz6ErxcJcAvNjpOZjDAoI7hfS7ZCCA/3DgNYPz+rRtM3C2GQOpYL5ZQwI3dv29hLvwGn6eip0nmv3KiOSG1nKw==",
        "dependencies": {
          "Microsoft.Web.WebView2": "1.0.3179.45",
          "Microsoft.WindowsAppSDK.Base": "1.8.251216001",
          "Microsoft.WindowsAppSDK.Foundation": "1.8.260415000",
          "Microsoft.WindowsAppSDK.InteractiveExperiences": "1.8.260415001"
        }
      },
      "System.Numerics.Tensors": {
        "type": "Transitive",
        "resolved": "9.0.0",
        "contentHash": "hyJB4UlpAi19Xr9AXzu2NuagKC4lPfHObNMEAA0HmqFz2rX7wKgzeYzO/jM/eBHDhnUGFFEjk5cOoJaxqg5J4A=="
      },
      "oddsnap.appmodel": {
        "type": "Project"
      }
    },
    "net9.0-windows10.0.19041/win-arm64": {
      "Microsoft.Web.WebView2": {
        "type": "Direct",
        "requested": "[1.0.4129.50, )",
        "resolved": "1.0.4129.50",
        "contentHash": "BuJC70c7SCl8wlvojLZbc/E5ONmGyG3fhAMmpftCpKerxae//TxgKOTELRK2QRD7m7jigNFQRf6cfVT3ZiIQoQ=="
      },
      "Microsoft.WindowsAppSDK.Foundation": {
        "type": "Transitive",
        "resolved": "1.8.260415000",
        "contentHash": "4bIloiECRf6qY0MeAmXXo+j8xv78Q7zsSIOIctX7dcbU5WPWQKIWA9xhRpy3cNBmoZ+o8XAR9GK2JMLxHtN4gg==",
        "dependencies": {
          "Microsoft.WindowsAppSDK.Base": "1.8.251216001",
          "Microsoft.WindowsAppSDK.InteractiveExperiences": "1.8.260415001"
        }
      }
    },
    "net9.0-windows10.0.19041/win-x64": {
      "Microsoft.Web.WebView2": {
        "type": "Direct",
        "requested": "[1.0.4129.50, )",
        "resolved": "1.0.4129.50",
        "contentHash": "BuJC70c7SCl8wlvojLZbc/E5ONmGyG3fhAMmpftCpKerxae//TxgKOTELRK2QRD7m7jigNFQRf6cfVT3ZiIQoQ=="
      },
      "Microsoft.WindowsAppSDK.Foundation": {
        "type": "Transitive",
        "resolved": "1.8.260415000",
        "contentHash": "4bIloiECRf6qY0MeAmXXo+j8xv78Q7zsSIOIctX7dcbU5WPWQKIWA9xhRpy3cNBmoZ+o8XAR9GK2JMLxHtN4gg==",
        "dependencies": {
          "Microsoft.WindowsAppSDK.Base": "1.8.251216001",
          "Microsoft.WindowsAppSDK.InteractiveExperiences": "1.8.260415001"
        }
      }
    },
    "net9.0-windows10.0.19041/win-x86": {
      "Microsoft.Web.WebView2": {
        "type": "Direct",
        "requested": "[1.0.4129.50, )",
        "resolved": "1.0.4129.50",
        "contentHash": "BuJC70c7SCl8wlvojLZbc/E5ONmGyG3fhAMmpftCpKerxae//TxgKOTELRK2QRD7m7jigNFQRf6cfVT3ZiIQoQ=="
      },
      "Microsoft.WindowsAppSDK.Foundation": {
        "type": "Transitive",
        "resolved": "1.8.260415000",
        "contentHash": "4bIloiECRf6qY0MeAmXXo+j8xv78Q7zsSIOIctX7dcbU5WPWQKIWA9xhRpy3cNBmoZ+o8XAR9GK2JMLxHtN4gg==",
        "dependencies": {
          "Microsoft.WindowsAppSDK.Base": "1.8.251216001",
          "Microsoft.WindowsAppSDK.InteractiveExperiences": "1.8.260415001"
        }
      }
    }
  }
}